
Microsoft Visual Studio Solution File, Format Version 12.00
# Visual Studio Version 16
VisualStudioVersion = 16.0.31129.286
MinimumVisualStudioVersion = 10.0.40219.1
Project("{FAE04EC0-301F-11D3-BF4B-00C04F79EFBC}") = "BracketChecker", "BracketChecker\BracketChecker.csproj", "{3C5E93EB-1D65-429D-A721-FE7CBC77DBB1}"
EndProject
Project("{9A19103F-16F7-4668-BE54-9A1E7A4F7556}") = "BracketCheckerTests", "BracketCheckerTests\BracketCheckerTests.csproj", "{5B7F2A8A-6AF8-4A79-9603-0E5F08443BF8}"
EndProject
Global
	GlobalSection(SolutionConfigurationPlatforms) = preSolution
		Debug|Any CPU = Debug|Any CPU
		Release|Any CPU = Release|Any CPU
	EndGlobalSection
	GlobalSection(ProjectConfigurationPlatforms) = postSolution
		{3C5E93EB-1D65-429D-A721-FE7CBC77DBB1}.Debug|Any CPU.ActiveCfg = Debug|Any CPU
		{3C5E93EB-1D65-429D-A721-FE7CBC77DBB1}.Debug|Any CPU.Build.0 = Debug|Any CPU
		{3C5E93EB-1D65-429D-A721-FE7CBC77DBB1}.Release|Any CPU.ActiveCfg = Release|Any CPU
		{3C5E93EB-1D65-429D-A721-FE7CBC77DBB1}.Release|Any CPU.Build.0 = Release|Any CPU
		{5B7F2A8A-6AF8-4A79-9603-0E5F08443BF8}.Debug|Any CPU.ActiveCfg = Debug|Any CPU
		{5B7F2A8A-6AF8-4A79-9603-0E5F08443BF8}.Debug|Any CPU.Build.0 = Debug|Any CPU
		{5B7F2A8A-6AF8-4A79-9603-0E5F08443BF8}.Release|Any CPU.ActiveCfg = Release|Any CPU
		{5B7F2A8A-6AF8-4A79-9603-0E5F08443BF8}.Release|Any CPU.Build.0 = Release|Any CPU
	EndGlobalSection
	GlobalSection(SolutionProperties) = preSolution
		HideSolutionNode = FALSE
	EndGlobalSection
	GlobalSection(ExtensibilityGlobals) = postSolution
		SolutionGuid = {BA8B2E61-BDAA-4395-AA33-F73D136E62B4}
	EndGlobalSection
EndGlobal
